{
  "version": 4,
  "terraform_version": "1.7.4",
  "serial": 45,
  "lineage": "b991d31e-bf93-f6c2-55d6-523b92a2518f",
  "outputs": {
    "public_ip_address": {
      "value": "20.160.209.185",
      "type": "string"
    }
  },
  "resources": [
    {
      "mode": "managed",
      "type": "azurerm_linux_virtual_machine",
      "name": "vm-devops",
      "provider": "provider[\"registry.terraform.io/hashicorp/azurerm\"]",
      "instances": [
        {
          "schema_version": 0,
          "attributes": {
            "additional_capabilities": [],
            "admin_password": null,
            "admin_ssh_key": [
              {
                "public_key": "ssh-rsa AAAAB3NzaC1yc2EAAAADAQABAAABAQCZctFoZh+tSSB45UDZCPnL6yECgJ7/xVxGmprJnkU6nbupQ+3kZcr1flkartunTImDXLSqWR6RubTYelrbwoqbm8anUPU2YtZ/bILQnTZAiMYjm3mQ8JpegBRjnpg3qV/yj9iB9sGakBDerXjDMZgExWwAHRiZgSHUQLXvtv4ZGuLpCzlElliuL9DvuwI9TPxob9+kRTHNEuxx5KQm5Rbe0bKu0iLIfrRxeBFMHSYZ0Asx48NR7+FwkH6KqwLZX78y3w5m4en+XaLwFikQXypVbkOjXPUbgIsiO4dvVdyFlw84HImpZ+4/UxETxDpfoLplpnAmszuJHpS/4hlxwqZr ssh-key-2024-10-31",
                "username": "oci"
              }
            ],
            "admin_username": "oci",
            "allow_extension_operations": true,
            "availability_set_id": "",
            "boot_diagnostics": [],
            "bypass_platform_safety_checks_on_user_schedule_enabled": false,
            "capacity_reservation_group_id": "",
            "computer_name": "vm-devops",
            "custom_data": null,
            "dedicated_host_group_id": "",
            "dedicated_host_id": "",
            "disable_password_authentication": true,
            "disk_controller_type": "SCSI",
            "edge_zone": "",
            "encryption_at_host_enabled": false,
            "eviction_policy": "",
            "extensions_time_budget": "PT1H30M",
            "gallery_application": [],
            "id": "/subscriptions/91f236ff-75a5-49b8-a832-890a54df1390/resourceGroups/rg-devops/providers/Microsoft.Compute/virtualMachines/vm-devops",
            "identity": [],
            "license_type": "",
            "location": "westeurope",
            "max_bid_price": -1,
            "name": "vm-devops",
            "network_interface_ids": [
              "/subscriptions/91f236ff-75a5-49b8-a832-890a54df1390/resourceGroups/rg-devops/providers/Microsoft.Network/networkInterfaces/nic-devops"
            ],
            "os_disk": [
              {
                "caching": "ReadWrite",
                "diff_disk_settings": [],
                "disk_encryption_set_id": "",
                "disk_size_gb": 30,
                "id": "/subscriptions/91f236ff-75a5-49b8-a832-890a54df1390/resourceGroups/rg-devops/providers/Microsoft.Compute/disks/my-os-disk",
                "name": "my-os-disk",
                "secure_vm_disk_encryption_set_id": "",
                "security_encryption_type": "",
                "storage_account_type": "Standard_LRS",
                "write_accelerator_enabled": false
              }
            ],
            "os_image_notification": [],
            "patch_assessment_mode": "ImageDefault",
            "patch_mode": "ImageDefault",
            "plan": [],
            "platform_fault_domain": -1,
            "priority": "Regular",
            "private_ip_address": "10.0.1.4",
            "private_ip_addresses": [
              "10.0.1.4"
            ],
            "provision_vm_agent": true,
            "proximity_placement_group_id": "",
            "public_ip_address": "20.160.209.185",
            "public_ip_addresses": [
              "20.160.209.185"
            ],
            "reboot_setting": "",
            "resource_group_name": "rg-devops",
            "secret": [],
            "secure_boot_enabled": false,
            "size": "Standard_D2s_v3",
            "source_image_id": "",
            "source_image_reference": [
              {
                "offer": "ubuntu-24_04-lts",
                "publisher": "canonical",
                "sku": "ubuntu-pro",
                "version": "latest"
              }
            ],
            "tags": {
              "environment": "dev"
            },
            "termination_notification": [],
            "timeouts": null,
            "user_data": "",
            "virtual_machine_id": "4cf18831-3190-4cb5-9ad3-070d1df2fb13",
            "virtual_machine_scale_set_id": "",
            "vm_agent_platform_updates_enabled": false,
            "vtpm_enabled": false,
            "zone": ""
          },
          "sensitive_attributes": [],
          "private": "eyJlMmJmYjczMC1lY2FhLTExZTYtOGY4OC0zNDM2M2JjN2M0YzAiOnsiY3JlYXRlIjoyNzAwMDAwMDAwMDAwLCJkZWxldGUiOjI3MDAwMDAwMDAwMDAsInJlYWQiOjMwMDAwMDAwMDAwMCwidXBkYXRlIjoyNzAwMDAwMDAwMDAwfX0=",
          "dependencies": [
            "azurerm_network_interface.nic-devops",
            "azurerm_public_ip.public_ip",
            "azurerm_resource_group.rg-devops",
            "azurerm_subnet.snet-devops",
            "azurerm_virtual_network.vnet-devops"
          ]
        }
      ]
    },
    {
      "mode": "managed",
      "type": "azurerm_network_interface",
      "name": "nic-devops",
      "provider": "provider[\"registry.terraform.io/hashicorp/azurerm\"]",
      "instances": [
        {
          "schema_version": 0,
          "attributes": {
            "accelerated_networking_enabled": false,
            "applied_dns_servers": [],
            "auxiliary_mode": "",
            "auxiliary_sku": "",
            "dns_servers": [],
            "edge_zone": "",
            "id": "/subscriptions/91f236ff-75a5-49b8-a832-890a54df1390/resourceGroups/rg-devops/providers/Microsoft.Network/networkInterfaces/nic-devops",
            "internal_dns_name_label": "",
            "internal_domain_name_suffix": "w2jwsbu2w00uzblcyhro2cusaf.ax.internal.cloudapp.net",
            "ip_configuration": [
              {
                "gateway_load_balancer_frontend_ip_configuration_id": "",
                "name": "internal",
                "primary": true,
                "private_ip_address": "10.0.1.4",
                "private_ip_address_allocation": "Dynamic",
                "private_ip_address_version": "IPv4",
                "public_ip_address_id": "/subscriptions/91f236ff-75a5-49b8-a832-890a54df1390/resourceGroups/rg-devops/providers/Microsoft.Network/publicIPAddresses/acceptanceTestPublicIp1",
                "subnet_id": "/subscriptions/91f236ff-75a5-49b8-a832-890a54df1390/resourceGroups/rg-devops/providers/Microsoft.Network/virtualNetworks/vnet-devops/subnets/snet-devops"
              }
            ],
            "ip_forwarding_enabled": false,
            "location": "westeurope",
            "mac_address": "00-0D-3A-27-17-79",
            "name": "nic-devops",
            "private_ip_address": "10.0.1.4",
            "private_ip_addresses": [
              "10.0.1.4"
            ],
            "resource_group_name": "rg-devops",
            "tags": {},
            "timeouts": null,
            "virtual_machine_id": "/subscriptions/91f236ff-75a5-49b8-a832-890a54df1390/resourceGroups/rg-devops/providers/Microsoft.Compute/virtualMachines/vm-devops"
          },
          "sensitive_attributes": [],
          "private": "eyJlMmJmYjczMC1lY2FhLTExZTYtOGY4OC0zNDM2M2JjN2M0YzAiOnsiY3JlYXRlIjoxODAwMDAwMDAwMDAwLCJkZWxldGUiOjE4MDAwMDAwMDAwMDAsInJlYWQiOjMwMDAwMDAwMDAwMCwidXBkYXRlIjoxODAwMDAwMDAwMDAwfX0=",
          "dependencies": [
            "azurerm_public_ip.public_ip",
            "azurerm_resource_group.rg-devops",
            "azurerm_subnet.snet-devops",
            "azurerm_virtual_network.vnet-devops"
          ]
        }
      ]
    },
    {
      "mode": "managed",
      "type": "azurerm_network_security_group",
      "name": "nsg-devops",
      "provider": "provider[\"registry.terraform.io/hashicorp/azurerm\"]",
      "instances": [
        {
          "schema_version": 0,
          "attributes": {
            "id": "/subscriptions/91f236ff-75a5-49b8-a832-890a54df1390/resourceGroups/rg-devops/providers/Microsoft.Network/networkSecurityGroups/nsg-devops",
            "location": "westeurope",
            "name": "nsg-devops",
            "resource_group_name": "rg-devops",
            "security_rule": [
              {
                "access": "Allow",
                "description": "",
                "destination_address_prefix": "*",
                "destination_address_prefixes": [],
                "destination_application_security_group_ids": [],
                "destination_port_range": "22",
                "destination_port_ranges": [],
                "direction": "Inbound",
                "name": "allow-ssh",
                "priority": 1000,
                "protocol": "Tcp",
                "source_address_prefix": "*",
                "source_address_prefixes": [],
                "source_application_security_group_ids": [],
                "source_port_range": "*",
                "source_port_ranges": []
              }
            ],
            "tags": {},
            "timeouts": null
          },
          "sensitive_attributes": [],
          "private": "eyJlMmJmYjczMC1lY2FhLTExZTYtOGY4OC0zNDM2M2JjN2M0YzAiOnsiY3JlYXRlIjoxODAwMDAwMDAwMDAwLCJkZWxldGUiOjE4MDAwMDAwMDAwMDAsInJlYWQiOjMwMDAwMDAwMDAwMCwidXBkYXRlIjoxODAwMDAwMDAwMDAwfX0=",
          "dependencies": [
            "azurerm_resource_group.rg-devops"
          ]
        }
      ]
    },
    {
      "mode": "managed",
      "type": "azurerm_public_ip",
      "name": "public_ip",
      "provider": "provider[\"registry.terraform.io/hashicorp/azurerm\"]",
      "instances": [
        {
          "schema_version": 0,
          "attributes": {
            "allocation_method": "Static",
            "ddos_protection_mode": "VirtualNetworkInherited",
            "ddos_protection_plan_id": null,
            "domain_name_label": null,
            "domain_name_label_scope": null,
            "edge_zone": "",
            "fqdn": null,
            "id": "/subscriptions/91f236ff-75a5-49b8-a832-890a54df1390/resourceGroups/rg-devops/providers/Microsoft.Network/publicIPAddresses/acceptanceTestPublicIp1",
            "idle_timeout_in_minutes": 4,
            "ip_address": "20.160.209.185",
            "ip_tags": {},
            "ip_version": "IPv4",
            "location": "westeurope",
            "name": "acceptanceTestPublicIp1",
            "public_ip_prefix_id": null,
            "resource_group_name": "rg-devops",
            "reverse_fqdn": null,
            "sku": "Standard",
            "sku_tier": "Regional",
            "tags": {},
            "timeouts": null,
            "zones": []
          },
          "sensitive_attributes": [],
          "private": "eyJlMmJmYjczMC1lY2FhLTExZTYtOGY4OC0zNDM2M2JjN2M0YzAiOnsiY3JlYXRlIjoxODAwMDAwMDAwMDAwLCJkZWxldGUiOjE4MDAwMDAwMDAwMDAsInJlYWQiOjMwMDAwMDAwMDAwMCwidXBkYXRlIjoxODAwMDAwMDAwMDAwfX0=",
          "dependencies": [
            "azurerm_resource_group.rg-devops"
          ]
        }
      ]
    },
    {
      "mode": "managed",
      "type": "azurerm_resource_group",
      "name": "rg-devops",
      "provider": "provider[\"registry.terraform.io/hashicorp/azurerm\"]",
      "instances": [
        {
          "schema_version": 0,
          "attributes": {
            "id": "/subscriptions/91f236ff-75a5-49b8-a832-890a54df1390/resourceGroups/rg-devops",
            "location": "westeurope",
            "managed_by": "",
            "name": "rg-devops",
            "tags": {},
            "timeouts": null
          },
          "sensitive_attributes": [],
          "private": "eyJlMmJmYjczMC1lY2FhLTExZTYtOGY4OC0zNDM2M2JjN2M0YzAiOnsiY3JlYXRlIjo1NDAwMDAwMDAwMDAwLCJkZWxldGUiOjU0MDAwMDAwMDAwMDAsInJlYWQiOjMwMDAwMDAwMDAwMCwidXBkYXRlIjo1NDAwMDAwMDAwMDAwfX0="
        }
      ]
    },
    {
      "mode": "managed",
      "type": "azurerm_subnet",
      "name": "snet-devops",
      "provider": "provider[\"registry.terraform.io/hashicorp/azurerm\"]",
      "instances": [
        {
          "schema_version": 0,
          "attributes": {
            "address_prefixes": [
              "10.0.1.0/24"
            ],
            "default_outbound_access_enabled": true,
            "delegation": [],
            "id": "/subscriptions/91f236ff-75a5-49b8-a832-890a54df1390/resourceGroups/rg-devops/providers/Microsoft.Network/virtualNetworks/vnet-devops/subnets/snet-devops",
            "name": "snet-devops",
            "private_endpoint_network_policies": "Disabled",
            "private_link_service_network_policies_enabled": true,
            "resource_group_name": "rg-devops",
            "service_endpoint_policy_ids": [],
            "service_endpoints": [],
            "timeouts": null,
            "virtual_network_name": "vnet-devops"
          },
          "sensitive_attributes": [],
          "private": "eyJlMmJmYjczMC1lY2FhLTExZTYtOGY4OC0zNDM2M2JjN2M0YzAiOnsiY3JlYXRlIjoxODAwMDAwMDAwMDAwLCJkZWxldGUiOjE4MDAwMDAwMDAwMDAsInJlYWQiOjMwMDAwMDAwMDAwMCwidXBkYXRlIjoxODAwMDAwMDAwMDAwfX0=",
          "dependencies": [
            "azurerm_resource_group.rg-devops",
            "azurerm_virtual_network.vnet-devops"
          ]
        }
      ]
    },
    {
      "mode": "managed",
      "type": "azurerm_subnet_network_security_group_association",
      "name": "nsg-devops",
      "provider": "provider[\"registry.terraform.io/hashicorp/azurerm\"]",
      "instances": [
        {
          "schema_version": 0,
          "attributes": {
            "id": "/subscriptions/91f236ff-75a5-49b8-a832-890a54df1390/resourceGroups/rg-devops/providers/Microsoft.Network/virtualNetworks/vnet-devops/subnets/snet-devops",
            "network_security_group_id": "/subscriptions/91f236ff-75a5-49b8-a832-890a54df1390/resourceGroups/rg-devops/providers/Microsoft.Network/networkSecurityGroups/nsg-devops",
            "subnet_id": "/subscriptions/91f236ff-75a5-49b8-a832-890a54df1390/resourceGroups/rg-devops/providers/Microsoft.Network/virtualNetworks/vnet-devops/subnets/snet-devops",
            "timeouts": null
          },
          "sensitive_attributes": [],
          "private": "eyJlMmJmYjczMC1lY2FhLTExZTYtOGY4OC0zNDM2M2JjN2M0YzAiOnsiY3JlYXRlIjoxODAwMDAwMDAwMDAwLCJkZWxldGUiOjE4MDAwMDAwMDAwMDAsInJlYWQiOjMwMDAwMDAwMDAwMH19",
          "dependencies": [
            "azurerm_network_security_group.nsg-devops",
            "azurerm_resource_group.rg-devops",
            "azurerm_subnet.snet-devops",
            "azurerm_virtual_network.vnet-devops"
          ]
        }
      ]
    },
    {
      "mode": "managed",
      "type": "azurerm_virtual_network",
      "name": "vnet-devops",
      "provider": "provider[\"registry.terraform.io/hashicorp/azurerm\"]",
      "instances": [
        {
          "schema_version": 0,
          "attributes": {
            "address_space": [
              "10.0.0.0/16"
            ],
            "bgp_community": "",
            "ddos_protection_plan": [],
            "dns_servers": [],
            "edge_zone": "",
            "encryption": [],
            "flow_timeout_in_minutes": 0,
            "guid": "066913b7-b69c-4cb5-8562-c1e2ee0a9205",
            "id": "/subscriptions/91f236ff-75a5-49b8-a832-890a54df1390/resourceGroups/rg-devops/providers/Microsoft.Network/virtualNetworks/vnet-devops",
            "location": "westeurope",
            "name": "vnet-devops",
            "private_endpoint_vnet_policies": "Disabled",
            "resource_group_name": "rg-devops",
            "subnet": [
              {
                "address_prefixes": [
                  "10.0.1.0/24"
                ],
                "default_outbound_access_enabled": true,
                "delegation": [],
                "id": "/subscriptions/91f236ff-75a5-49b8-a832-890a54df1390/resourceGroups/rg-devops/providers/Microsoft.Network/virtualNetworks/vnet-devops/subnets/snet-devops",
                "name": "snet-devops",
                "private_endpoint_network_policies": "Disabled",
                "private_link_service_network_policies_enabled": true,
                "route_table_id": "",
                "security_group": "/subscriptions/91f236ff-75a5-49b8-a832-890a54df1390/resourceGroups/rg-devops/providers/Microsoft.Network/networkSecurityGroups/nsg-devops",
                "service_endpoint_policy_ids": [],
                "service_endpoints": []
              }
            ],
            "tags": {},
            "timeouts": null
          },
          "sensitive_attributes": [],
          "private": "eyJlMmJmYjczMC1lY2FhLTExZTYtOGY4OC0zNDM2M2JjN2M0YzAiOnsiY3JlYXRlIjoxODAwMDAwMDAwMDAwLCJkZWxldGUiOjE4MDAwMDAwMDAwMDAsInJlYWQiOjMwMDAwMDAwMDAwMCwidXBkYXRlIjoxODAwMDAwMDAwMDAwfX0=",
          "dependencies": [
            "azurerm_resource_group.rg-devops"
          ]
        }
      ]
    }
  ],
  "check_results": null
}
